Microsoft Visual Studio Solution File, Format Version 12.00
# Visual Studio 14
VisualStudioVersion = 14.0.25420.1
MinimumVisualStudioVersion = 10.0.40219.1
Project("{8BC9CEB8-8B4A-11D0-8D11-00A0C91BC942}") = "ALL_BUILD", "ALL_BUILD.vcxproj", "{80FFD263-1F8D-31A0-83AD-BC495B5B8874}"
	ProjectSection(ProjectDependencies) = postProject
		{96FDA3CC-32A6-362D-AA96-DCEA9DE81FC5} = {96FDA3CC-32A6-362D-AA96-DCEA9DE81FC5}
		{B42316D3-1D81-3817-ACF8-9D7ECD03DCA7} = {B42316D3-1D81-3817-ACF8-9D7ECD03DCA7}
		{DEBF88C7-1E4D-311B-AAA2-A0684F9ADB73} = {DEBF88C7-1E4D-311B-AAA2-A0684F9ADB73}
		{1895D00E-FF08-3CDA-A8A3-05DE432BB4F2} = {1895D00E-FF08-3CDA-A8A3-05DE432BB4F2}
		{E2875254-5E20-3A10-A497-9862A1C76CE9} = {E2875254-5E20-3A10-A497-9862A1C76CE9}
		{7D7F74B8-B7EE-3B0F-89E2-03DAF1727AEA} = {7D7F74B8-B7EE-3B0F-89E2-03DAF1727AEA}
		{41314186-42EF-3D3B-9D57-C25A7182DC8F} = {41314186-42EF-3D3B-9D57-C25A7182DC8F}
		{E359E54B-2819-3934-A946-34A45DBCF90E} = {E359E54B-2819-3934-A946-34A45DBCF90E}
		{7B31C2E9-3234-3FDD-BADC-FCD47DB0D0A4} = {7B31C2E9-3234-3FDD-BADC-FCD47DB0D0A4}
		{0A3449B2-2446-39F9-B9E9-6F7CCEFC9585} = {0A3449B2-2446-39F9-B9E9-6F7CCEFC9585}
		{8FDF654B-0C0E-3114-AEC9-62057AD5A9D4} = {8FDF654B-0C0E-3114-AEC9-62057AD5A9D4}
		{65C10681-258F-310A-95FD-43C674FD1C02} = {65C10681-258F-310A-95FD-43C674FD1C02}
		{2BD99A80-BD45-3377-8A20-6DB08F17FA49} = {2BD99A80-BD45-3377-8A20-6DB08F17FA49}
		{E74EA560-E2DF-39FD-9504-358F7961E665} = {E74EA560-E2DF-39FD-9504-358F7961E665}
		{13B61730-0EA6-37E0-9A22-A7A1511721CC} = {13B61730-0EA6-37E0-9A22-A7A1511721CC}
		{D0898C3F-97AC-3AA9-82CA-4CDA3932BC55} = {D0898C3F-97AC-3AA9-82CA-4CDA3932BC55}
		{BD3F4351-3F20-3156-907D-09F5DE91240D} = {BD3F4351-3F20-3156-907D-09F5DE91240D}
		{FCFFF156-F7E2-3CCF-B8A6-557B432253BD} = {FCFFF156-F7E2-3CCF-B8A6-557B432253BD}
		{A3E6E9EE-43D8-3401-BB1E-33E2218D5118} = {A3E6E9EE-43D8-3401-BB1E-33E2218D5118}
	EndProjectSection
EndProject
Project("{8BC9CEB8-8B4A-11D0-8D11-00A0C91BC942}") = "INSTALL", "INSTALL.vcxproj", "{7E43EBAF-41BA-3683-BDBD-232410A62773}"
	ProjectSection(ProjectDependencies) = postProject
		{80FFD263-1F8D-31A0-83AD-BC495B5B8874} = {80FFD263-1F8D-31A0-83AD-BC495B5B8874}
		{96FDA3CC-32A6-362D-AA96-DCEA9DE81FC5} = {96FDA3CC-32A6-362D-AA96-DCEA9DE81FC5}
	EndProjectSection
EndProject
Project("{8BC9CEB8-8B4A-11D0-8D11-00A0C91BC942}") = "RUN_TESTS", "RUN_TESTS.vcxproj", "{3D332C3C-8FA9-374E-A519-71D0061414B0}"
	ProjectSection(ProjectDependencies) = postProject
		{96FDA3CC-32A6-362D-AA96-DCEA9DE81FC5} = {96FDA3CC-32A6-362D-AA96-DCEA9DE81FC5}
	EndProjectSection
EndProject
Project("{8BC9CEB8-8B4A-11D0-8D11-00A0C91BC942}") = "ZERO_CHECK", "ZERO_CHECK.vcxproj", "{96FDA3CC-32A6-362D-AA96-DCEA9DE81FC5}"
EndProject
Project("{8BC9CEB8-8B4A-11D0-8D11-00A0C91BC942}") = "cjpeg", "sharedlib\cjpeg.vcxproj", "{B42316D3-1D81-3817-ACF8-9D7ECD03DCA7}"
	ProjectSection(ProjectDependencies) = postProject
		{96FDA3CC-32A6-362D-AA96-DCEA9DE81FC5} = {96FDA3CC-32A6-362D-AA96-DCEA9DE81FC5}
		{41314186-42EF-3D3B-9D57-C25A7182DC8F} = {41314186-42EF-3D3B-9D57-C25A7182DC8F}
	EndProjectSection
EndProject
Project("{8BC9CEB8-8B4A-11D0-8D11-00A0C91BC942}") = "cjpeg-static", "cjpeg-static.vcxproj", "{DEBF88C7-1E4D-311B-AAA2-A0684F9ADB73}"
	ProjectSection(ProjectDependencies) = postProject
		{96FDA3CC-32A6-362D-AA96-DCEA9DE81FC5} = {96FDA3CC-32A6-362D-AA96-DCEA9DE81FC5}
		{E359E54B-2819-3934-A946-34A45DBCF90E} = {E359E54B-2819-3934-A946-34A45DBCF90E}
	EndProjectSection
EndProject
Project("{8BC9CEB8-8B4A-11D0-8D11-00A0C91BC942}") = "djpeg", "sharedlib\djpeg.vcxproj", "{1895D00E-FF08-3CDA-A8A3-05DE432BB4F2}"
	ProjectSection(ProjectDependencies) = postProject
		{96FDA3CC-32A6-362D-AA96-DCEA9DE81FC5} = {96FDA3CC-32A6-362D-AA96-DCEA9DE81FC5}
		{41314186-42EF-3D3B-9D57-C25A7182DC8F} = {41314186-42EF-3D3B-9D57-C25A7182DC8F}
	EndProjectSection
EndProject
Project("{8BC9CEB8-8B4A-11D0-8D11-00A0C91BC942}") = "djpeg-static", "djpeg-static.vcxproj", "{E2875254-5E20-3A10-A497-9862A1C76CE9}"
	ProjectSection(ProjectDependencies) = postProject
		{96FDA3CC-32A6-362D-AA96-DCEA9DE81FC5} = {96FDA3CC-32A6-362D-AA96-DCEA9DE81FC5}
		{E359E54B-2819-3934-A946-34A45DBCF90E} = {E359E54B-2819-3934-A946-34A45DBCF90E}
	EndProjectSection
EndProject
Project("{8BC9CEB8-8B4A-11D0-8D11-00A0C91BC942}") = "installer", "installer.vcxproj", "{97DCE653-C9A0-312D-8E81-CA2836A99A7D}"
	ProjectSection(ProjectDependencies) = postProject
		{96FDA3CC-32A6-362D-AA96-DCEA9DE81FC5} = {96FDA3CC-32A6-362D-AA96-DCEA9DE81FC5}
		{B42316D3-1D81-3817-ACF8-9D7ECD03DCA7} = {B42316D3-1D81-3817-ACF8-9D7ECD03DCA7}
		{1895D00E-FF08-3CDA-A8A3-05DE432BB4F2} = {1895D00E-FF08-3CDA-A8A3-05DE432BB4F2}
		{41314186-42EF-3D3B-9D57-C25A7182DC8F} = {41314186-42EF-3D3B-9D57-C25A7182DC8F}
		{E359E54B-2819-3934-A946-34A45DBCF90E} = {E359E54B-2819-3934-A946-34A45DBCF90E}
		{7B31C2E9-3234-3FDD-BADC-FCD47DB0D0A4} = {7B31C2E9-3234-3FDD-BADC-FCD47DB0D0A4}
		{65C10681-258F-310A-95FD-43C674FD1C02} = {65C10681-258F-310A-95FD-43C674FD1C02}
		{2BD99A80-BD45-3377-8A20-6DB08F17FA49} = {2BD99A80-BD45-3377-8A20-6DB08F17FA49}
		{BD3F4351-3F20-3156-907D-09F5DE91240D} = {BD3F4351-3F20-3156-907D-09F5DE91240D}
		{FCFFF156-F7E2-3CCF-B8A6-557B432253BD} = {FCFFF156-F7E2-3CCF-B8A6-557B432253BD}
		{A3E6E9EE-43D8-3401-BB1E-33E2218D5118} = {A3E6E9EE-43D8-3401-BB1E-33E2218D5118}
	EndProjectSection
EndProject
Project("{8BC9CEB8-8B4A-11D0-8D11-00A0C91BC942}") = "jcstest", "sharedlib\jcstest.vcxproj", "{7D7F74B8-B7EE-3B0F-89E2-03DAF1727AEA}"
	ProjectSection(ProjectDependencies) = postProject
		{96FDA3CC-32A6-362D-AA96-DCEA9DE81FC5} = {96FDA3CC-32A6-362D-AA96-DCEA9DE81FC5}
		{41314186-42EF-3D3B-9D57-C25A7182DC8F} = {41314186-42EF-3D3B-9D57-C25A7182DC8F}
	EndProjectSection
EndProject
Project("{8BC9CEB8-8B4A-11D0-8D11-00A0C91BC942}") = "jpeg", "sharedlib\jpeg.vcxproj", "{41314186-42EF-3D3B-9D57-C25A7182DC8F}"
	ProjectSection(ProjectDependencies) = postProject
		{96FDA3CC-32A6-362D-AA96-DCEA9DE81FC5} = {96FDA3CC-32A6-362D-AA96-DCEA9DE81FC5}
		{4286E613-5F69-3662-A741-491F7A07D448} = {4286E613-5F69-3662-A741-491F7A07D448}
	EndProjectSection
EndProject
Project("{8BC9CEB8-8B4A-11D0-8D11-00A0C91BC942}") = "jpeg-static", "jpeg-static.vcxproj", "{E359E54B-2819-3934-A946-34A45DBCF90E}"
	ProjectSection(ProjectDependencies) = postProject
		{96FDA3CC-32A6-362D-AA96-DCEA9DE81FC5} = {96FDA3CC-32A6-362D-AA96-DCEA9DE81FC5}
		{4286E613-5F69-3662-A741-491F7A07D448} = {4286E613-5F69-3662-A741-491F7A07D448}
	EndProjectSection
EndProject
Project("{8BC9CEB8-8B4A-11D0-8D11-00A0C91BC942}") = "jpegtran", "sharedlib\jpegtran.vcxproj", "{7B31C2E9-3234-3FDD-BADC-FCD47DB0D0A4}"
	ProjectSection(ProjectDependencies) = postProject
		{96FDA3CC-32A6-362D-AA96-DCEA9DE81FC5} = {96FDA3CC-32A6-362D-AA96-DCEA9DE81FC5}
		{41314186-42EF-3D3B-9D57-C25A7182DC8F} = {41314186-42EF-3D3B-9D57-C25A7182DC8F}
	EndProjectSection
EndProject
Project("{8BC9CEB8-8B4A-11D0-8D11-00A0C91BC942}") = "jpegtran-static", "jpegtran-static.vcxproj", "{0A3449B2-2446-39F9-B9E9-6F7CCEFC9585}"
	ProjectSection(ProjectDependencies) = postProject
		{96FDA3CC-32A6-362D-AA96-DCEA9DE81FC5} = {96FDA3CC-32A6-362D-AA96-DCEA9DE81FC5}
		{E359E54B-2819-3934-A946-34A45DBCF90E} = {E359E54B-2819-3934-A946-34A45DBCF90E}
	EndProjectSection
EndProject
Project("{8BC9CEB8-8B4A-11D0-8D11-00A0C91BC942}") = "md5cmp", "md5\md5cmp.vcxproj", "{8FDF654B-0C0E-3114-AEC9-62057AD5A9D4}"
	ProjectSection(ProjectDependencies) = postProject
		{96FDA3CC-32A6-362D-AA96-DCEA9DE81FC5} = {96FDA3CC-32A6-362D-AA96-DCEA9DE81FC5}
	EndProjectSection
EndProject
Project("{8BC9CEB8-8B4A-11D0-8D11-00A0C91BC942}") = "rdjpgcom", "rdjpgcom.vcxproj", "{65C10681-258F-310A-95FD-43C674FD1C02}"
	ProjectSection(ProjectDependencies) = postProject
		{96FDA3CC-32A6-362D-AA96-DCEA9DE81FC5} = {96FDA3CC-32A6-362D-AA96-DCEA9DE81FC5}
	EndProjectSection
EndProject
Project("{8BC9CEB8-8B4A-11D0-8D11-00A0C91BC942}") = "simd", "simd\simd.vcxproj", "{4286E613-5F69-3662-A741-491F7A07D448}"
	ProjectSection(ProjectDependencies) = postProject
		{96FDA3CC-32A6-362D-AA96-DCEA9DE81FC5} = {96FDA3CC-32A6-362D-AA96-DCEA9DE81FC5}
	EndProjectSection
EndProject
Project("{8BC9CEB8-8B4A-11D0-8D11-00A0C91BC942}") = "testclean", "testclean.vcxproj", "{9434DBDC-D2FE-3062-8D48-D257A7B2862E}"
	ProjectSection(ProjectDependencies) = postProject
		{96FDA3CC-32A6-362D-AA96-DCEA9DE81FC5} = {96FDA3CC-32A6-362D-AA96-DCEA9DE81FC5}
	EndProjectSection
EndProject
Project("{8BC9CEB8-8B4A-11D0-8D11-00A0C91BC942}") = "tjbench", "tjbench.vcxproj", "{2BD99A80-BD45-3377-8A20-6DB08F17FA49}"
	ProjectSection(ProjectDependencies) = postProject
		{96FDA3CC-32A6-362D-AA96-DCEA9DE81FC5} = {96FDA3CC-32A6-362D-AA96-DCEA9DE81FC5}
		{E359E54B-2819-3934-A946-34A45DBCF90E} = {E359E54B-2819-3934-A946-34A45DBCF90E}
		{BD3F4351-3F20-3156-907D-09F5DE91240D} = {BD3F4351-3F20-3156-907D-09F5DE91240D}
	EndProjectSection
EndProject
Project("{8BC9CEB8-8B4A-11D0-8D11-00A0C91BC942}") = "tjbench-static", "tjbench-static.vcxproj", "{E74EA560-E2DF-39FD-9504-358F7961E665}"
	ProjectSection(ProjectDependencies) = postProject
		{96FDA3CC-32A6-362D-AA96-DCEA9DE81FC5} = {96FDA3CC-32A6-362D-AA96-DCEA9DE81FC5}
		{E359E54B-2819-3934-A946-34A45DBCF90E} = {E359E54B-2819-3934-A946-34A45DBCF90E}
		{FCFFF156-F7E2-3CCF-B8A6-557B432253BD} = {FCFFF156-F7E2-3CCF-B8A6-557B432253BD}
	EndProjectSection
EndProject
Project("{8BC9CEB8-8B4A-11D0-8D11-00A0C91BC942}") = "tjunittest", "tjunittest.vcxproj", "{13B61730-0EA6-37E0-9A22-A7A1511721CC}"
	ProjectSection(ProjectDependencies) = postProject
		{96FDA3CC-32A6-362D-AA96-DCEA9DE81FC5} = {96FDA3CC-32A6-362D-AA96-DCEA9DE81FC5}
		{BD3F4351-3F20-3156-907D-09F5DE91240D} = {BD3F4351-3F20-3156-907D-09F5DE91240D}
	EndProjectSection
EndProject
Project("{8BC9CEB8-8B4A-11D0-8D11-00A0C91BC942}") = "tjunittest-static", "tjunittest-static.vcxproj", "{D0898C3F-97AC-3AA9-82CA-4CDA3932BC55}"
	ProjectSection(ProjectDependencies) = postProject
		{96FDA3CC-32A6-362D-AA96-DCEA9DE81FC5} = {96FDA3CC-32A6-362D-AA96-DCEA9DE81FC5}
		{FCFFF156-F7E2-3CCF-B8A6-557B432253BD} = {FCFFF156-F7E2-3CCF-B8A6-557B432253BD}
	EndProjectSection
EndProject
Project("{8BC9CEB8-8B4A-11D0-8D11-00A0C91BC942}") = "turbojpeg", "turbojpeg.vcxproj", "{BD3F4351-3F20-3156-907D-09F5DE91240D}"
	ProjectSection(ProjectDependencies) = postProject
		{96FDA3CC-32A6-362D-AA96-DCEA9DE81FC5} = {96FDA3CC-32A6-362D-AA96-DCEA9DE81FC5}
		{E359E54B-2819-3934-A946-34A45DBCF90E} = {E359E54B-2819-3934-A946-34A45DBCF90E}
	EndProjectSection
EndProject
Project("{8BC9CEB8-8B4A-11D0-8D11-00A0C91BC942}") = "turbojpeg-static", "turbojpeg-static.vcxproj", "{FCFFF156-F7E2-3CCF-B8A6-557B432253BD}"
	ProjectSection(ProjectDependencies) = postProject
		{96FDA3CC-32A6-362D-AA96-DCEA9DE81FC5} = {96FDA3CC-32A6-362D-AA96-DCEA9DE81FC5}
		{4286E613-5F69-3662-A741-491F7A07D448} = {4286E613-5F69-3662-A741-491F7A07D448}
	EndProjectSection
EndProject
Project("{8BC9CEB8-8B4A-11D0-8D11-00A0C91BC942}") = "wrjpgcom", "wrjpgcom.vcxproj", "{A3E6E9EE-43D8-3401-BB1E-33E2218D5118}"
	ProjectSection(ProjectDependencies) = postProject
		{96FDA3CC-32A6-362D-AA96-DCEA9DE81FC5} = {96FDA3CC-32A6-362D-AA96-DCEA9DE81FC5}
	EndProjectSection
EndProject
Project("{8BC9CEB8-8B4A-11D0-8D11-00A0C91BC942}") = "_MyTest", "..\_MyTest\_MyTest.vcxproj", "{3E8F5AB7-1633-4509-B2F4-292EFBB35D86}"
EndProject
Global
	GlobalSection(SolutionConfigurationPlatforms) = preSolution
		Debug|x64 = Debug|x64
		Debug|x86 = Debug|x86
		MinSizeRel|x64 = MinSizeRel|x64
		MinSizeRel|x86 = MinSizeRel|x86
		Release|x64 = Release|x64
		Release|x86 = Release|x86
		RelWithDebInfo|x64 = RelWithDebInfo|x64
		RelWithDebInfo|x86 = RelWithDebInfo|x86
	EndGlobalSection
	GlobalSection(ProjectConfigurationPlatforms) = postSolution
		{80FFD263-1F8D-31A0-83AD-BC495B5B8874}.Debug|x64.ActiveCfg = Debug|x64
		{80FFD263-1F8D-31A0-83AD-BC495B5B8874}.Debug|x64.Build.0 = Debug|x64
		{80FFD263-1F8D-31A0-83AD-BC495B5B8874}.Debug|x86.ActiveCfg = Debug|x64
		{80FFD263-1F8D-31A0-83AD-BC495B5B8874}.MinSizeRel|x64.ActiveCfg = MinSizeRel|x64
		{80FFD263-1F8D-31A0-83AD-BC495B5B8874}.MinSizeRel|x64.Build.0 = MinSizeRel|x64
		{80FFD263-1F8D-31A0-83AD-BC495B5B8874}.MinSizeRel|x86.ActiveCfg = MinSizeRel|x64
		{80FFD263-1F8D-31A0-83AD-BC495B5B8874}.Release|x64.ActiveCfg = Release|x64
		{80FFD263-1F8D-31A0-83AD-BC495B5B8874}.Release|x64.Build.0 = Release|x64
		{80FFD263-1F8D-31A0-83AD-BC495B5B8874}.Release|x86.ActiveCfg = Release|x64
		{80FFD263-1F8D-31A0-83AD-BC495B5B8874}.RelWithDebInfo|x64.ActiveCfg = RelWithDebInfo|x64
		{80FFD263-1F8D-31A0-83AD-BC495B5B8874}.RelWithDebInfo|x64.Build.0 = RelWithDebInfo|x64
		{80FFD263-1F8D-31A0-83AD-BC495B5B8874}.RelWithDebInfo|x86.ActiveCfg = RelWithDebInfo|x64
		{7E43EBAF-41BA-3683-BDBD-232410A62773}.Debug|x64.ActiveCfg = Debug|x64
		{7E43EBAF-41BA-3683-BDBD-232410A62773}.Debug|x86.ActiveCfg = Debug|x64
		{7E43EBAF-41BA-3683-BDBD-232410A62773}.MinSizeRel|x64.ActiveCfg = MinSizeRel|x64
		{7E43EBAF-41BA-3683-BDBD-232410A62773}.MinSizeRel|x86.ActiveCfg = MinSizeRel|x64
		{7E43EBAF-41BA-3683-BDBD-232410A62773}.Release|x64.ActiveCfg = Release|x64
		{7E43EBAF-41BA-3683-BDBD-232410A62773}.Release|x86.ActiveCfg = Release|x64
		{7E43EBAF-41BA-3683-BDBD-232410A62773}.RelWithDebInfo|x64.ActiveCfg = RelWithDebInfo|x64
		{7E43EBAF-41BA-3683-BDBD-232410A62773}.RelWithDebInfo|x86.ActiveCfg = RelWithDebInfo|x64
		{3D332C3C-8FA9-374E-A519-71D0061414B0}.Debug|x64.ActiveCfg = Debug|x64
		{3D332C3C-8FA9-374E-A519-71D0061414B0}.Debug|x86.ActiveCfg = Debug|x64
		{3D332C3C-8FA9-374E-A519-71D0061414B0}.MinSizeRel|x64.ActiveCfg = MinSizeRel|x64
		{3D332C3C-8FA9-374E-A519-71D0061414B0}.MinSizeRel|x86.ActiveCfg = MinSizeRel|x64
		{3D332C3C-8FA9-374E-A519-71D0061414B0}.Release|x64.ActiveCfg = Release|x64
		{3D332C3C-8FA9-374E-A519-71D0061414B0}.Release|x86.ActiveCfg = Release|x64
		{3D332C3C-8FA9-374E-A519-71D0061414B0}.RelWithDebInfo|x64.ActiveCfg = RelWithDebInfo|x64
		{3D332C3C-8FA9-374E-A519-71D0061414B0}.RelWithDebInfo|x86.ActiveCfg = RelWithDebInfo|x64
		{96FDA3CC-32A6-362D-AA96-DCEA9DE81FC5}.Debug|x64.ActiveCfg = Debug|x64
		{96FDA3CC-32A6-362D-AA96-DCEA9DE81FC5}.Debug|x64.Build.0 = Debug|x64
		{96FDA3CC-32A6-362D-AA96-DCEA9DE81FC5}.Debug|x86.ActiveCfg = Debug|x64
		{96FDA3CC-32A6-362D-AA96-DCEA9DE81FC5}.MinSizeRel|x64.ActiveCfg = MinSizeRel|x64
		{96FDA3CC-32A6-362D-AA96-DCEA9DE81FC5}.MinSizeRel|x64.Build.0 = MinSizeRel|x64
		{96FDA3CC-32A6-362D-AA96-DCEA9DE81FC5}.MinSizeRel|x86.ActiveCfg = MinSizeRel|x64
		{96FDA3CC-32A6-362D-AA96-DCEA9DE81FC5}.Release|x64.ActiveCfg = Release|x64
		{96FDA3CC-32A6-362D-AA96-DCEA9DE81FC5}.Release|x64.Build.0 = Release|x64
		{96FDA3CC-32A6-362D-AA96-DCEA9DE81FC5}.Release|x86.ActiveCfg = Release|x64
		{96FDA3CC-32A6-362D-AA96-DCEA9DE81FC5}.RelWithDebInfo|x64.ActiveCfg = RelWithDebInfo|x64
		{96FDA3CC-32A6-362D-AA96-DCEA9DE81FC5}.RelWithDebInfo|x64.Build.0 = RelWithDebInfo|x64
		{96FDA3CC-32A6-362D-AA96-DCEA9DE81FC5}.RelWithDebInfo|x86.ActiveCfg = RelWithDebInfo|x64
		{B42316D3-1D81-3817-ACF8-9D7ECD03DCA7}.Debug|x64.ActiveCfg = Debug|x64
		{B42316D3-1D81-3817-ACF8-9D7ECD03DCA7}.Debug|x64.Build.0 = Debug|x64
		{B42316D3-1D81-3817-ACF8-9D7ECD03DCA7}.Debug|x86.ActiveCfg = Debug|x64
		{B42316D3-1D81-3817-ACF8-9D7ECD03DCA7}.MinSizeRel|x64.ActiveCfg = MinSizeRel|x64
		{B42316D3-1D81-3817-ACF8-9D7ECD03DCA7}.MinSizeRel|x64.Build.0 = MinSizeRel|x64
		{B42316D3-1D81-3817-ACF8-9D7ECD03DCA7}.MinSizeRel|x86.ActiveCfg = MinSizeRel|x64
		{B42316D3-1D81-3817-ACF8-9D7ECD03DCA7}.Release|x64.ActiveCfg = Release|x64
		{B42316D3-1D81-3817-ACF8-9D7ECD03DCA7}.Release|x64.Build.0 = Release|x64
		{B42316D3-1D81-3817-ACF8-9D7ECD03DCA7}.Release|x86.ActiveCfg = Release|x64
		{B42316D3-1D81-3817-ACF8-9D7ECD03DCA7}.RelWithDebInfo|x64.ActiveCfg = RelWithDebInfo|x64
		{B42316D3-1D81-3817-ACF8-9D7ECD03DCA7}.RelWithDebInfo|x64.Build.0 = RelWithDebInfo|x64
		{B42316D3-1D81-3817-ACF8-9D7ECD03DCA7}.RelWithDebInfo|x86.ActiveCfg = RelWithDebInfo|x64
		{DEBF88C7-1E4D-311B-AAA2-A0684F9ADB73}.Debug|x64.ActiveCfg = Debug|x64
		{DEBF88C7-1E4D-311B-AAA2-A0684F9ADB73}.Debug|x64.Build.0 = Debug|x64
		{DEBF88C7-1E4D-311B-AAA2-A0684F9ADB73}.Debug|x86.ActiveCfg = Debug|x64
		{DEBF88C7-1E4D-311B-AAA2-A0684F9ADB73}.MinSizeRel|x64.ActiveCfg = MinSizeRel|x64
		{DEBF88C7-1E4D-311B-AAA2-A0684F9ADB73}.MinSizeRel|x64.Build.0 = MinSizeRel|x64
		{DEBF88C7-1E4D-311B-AAA2-A0684F9ADB73}.MinSizeRel|x86.ActiveCfg = MinSizeRel|x64
		{DEBF88C7-1E4D-311B-AAA2-A0684F9ADB73}.Release|x64.ActiveCfg = Release|x64
		{DEBF88C7-1E4D-311B-AAA2-A0684F9ADB73}.Release|x64.Build.0 = Release|x64
		{DEBF88C7-1E4D-311B-AAA2-A0684F9ADB73}.Release|x86.ActiveCfg = Release|x64
		{DEBF88C7-1E4D-311B-AAA2-A0684F9ADB73}.RelWithDebInfo|x64.ActiveCfg = RelWithDebInfo|x64
		{DEBF88C7-1E4D-311B-AAA2-A0684F9ADB73}.RelWithDebInfo|x64.Build.0 = RelWithDebInfo|x64
		{DEBF88C7-1E4D-311B-AAA2-A0684F9ADB73}.RelWithDebInfo|x86.ActiveCfg = RelWithDebInfo|x64
		{1895D00E-FF08-3CDA-A8A3-05DE432BB4F2}.Debug|x64.ActiveCfg = Debug|x64
		{1895D00E-FF08-3CDA-A8A3-05DE432BB4F2}.Debug|x64.Build.0 = Debug|x64
		{1895D00E-FF08-3CDA-A8A3-05DE432BB4F2}.Debug|x86.ActiveCfg = Debug|x64
		{1895D00E-FF08-3CDA-A8A3-05DE432BB4F2}.MinSizeRel|x64.ActiveCfg = MinSizeRel|x64
		{1895D00E-FF08-3CDA-A8A3-05DE432BB4F2}.MinSizeRel|x64.Build.0 = MinSizeRel|x64
		{1895D00E-FF08-3CDA-A8A3-05DE432BB4F2}.MinSizeRel|x86.ActiveCfg = MinSizeRel|x64
		{1895D00E-FF08-3CDA-A8A3-05DE432BB4F2}.Release|x64.ActiveCfg = Release|x64
		{1895D00E-FF08-3CDA-A8A3-05DE432BB4F2}.Release|x64.Build.0 = Release|x64
		{1895D00E-FF08-3CDA-A8A3-05DE432BB4F2}.Release|x86.ActiveCfg = Release|x64
		{1895D00E-FF08-3CDA-A8A3-05DE432BB4F2}.RelWithDebInfo|x64.ActiveCfg = RelWithDebInfo|x64
		{1895D00E-FF08-3CDA-A8A3-05DE432BB4F2}.RelWithDebInfo|x64.Build.0 = RelWithDebInfo|x64
		{1895D00E-FF08-3CDA-A8A3-05DE432BB4F2}.RelWithDebInfo|x86.ActiveCfg = RelWithDebInfo|x64
		{E2875254-5E20-3A10-A497-9862A1C76CE9}.Debug|x64.ActiveCfg = Debug|x64
		{E2875254-5E20-3A10-A497-9862A1C76CE9}.Debug|x64.Build.0 = Debug|x64
		{E2875254-5E20-3A10-A497-9862A1C76CE9}.Debug|x86.ActiveCfg = Debug|x64
		{E2875254-5E20-3A10-A497-9862A1C76CE9}.MinSizeRel|x64.ActiveCfg = MinSizeRel|x64
		{E2875254-5E20-3A10-A497-9862A1C76CE9}.MinSizeRel|x64.Build.0 = MinSizeRel|x64
		{E2875254-5E20-3A10-A497-9862A1C76CE9}.MinSizeRel|x86.ActiveCfg = MinSizeRel|x64
		{E2875254-5E20-3A10-A497-9862A1C76CE9}.Release|x64.ActiveCfg = Release|x64
		{E2875254-5E20-3A10-A497-9862A1C76CE9}.Release|x64.Build.0 = Release|x64
		{E2875254-5E20-3A10-A497-9862A1C76CE9}.Release|x86.ActiveCfg = Release|x64
		{E2875254-5E20-3A10-A497-9862A1C76CE9}.RelWithDebInfo|x64.ActiveCfg = RelWithDebInfo|x64
		{E2875254-5E20-3A10-A497-9862A1C76CE9}.RelWithDebInfo|x64.Build.0 = RelWithDebInfo|x64
		{E2875254-5E20-3A10-A497-9862A1C76CE9}.RelWithDebInfo|x86.ActiveCfg = RelWithDebInfo|x64
		{97DCE653-C9A0-312D-8E81-CA2836A99A7D}.Debug|x64.ActiveCfg = Debug|x64
		{97DCE653-C9A0-312D-8E81-CA2836A99A7D}.Debug|x86.ActiveCfg = Debug|x64
		{97DCE653-C9A0-312D-8E81-CA2836A99A7D}.MinSizeRel|x64.ActiveCfg = MinSizeRel|x64
		{97DCE653-C9A0-312D-8E81-CA2836A99A7D}.MinSizeRel|x86.ActiveCfg = MinSizeRel|x64
		{97DCE653-C9A0-312D-8E81-CA2836A99A7D}.Release|x64.ActiveCfg = Release|x64
		{97DCE653-C9A0-312D-8E81-CA2836A99A7D}.Release|x86.ActiveCfg = Release|x64
		{97DCE653-C9A0-312D-8E81-CA2836A99A7D}.RelWithDebInfo|x64.ActiveCfg = RelWithDebInfo|x64
		{97DCE653-C9A0-312D-8E81-CA2836A99A7D}.RelWithDebInfo|x86.ActiveCfg = RelWithDebInfo|x64
		{7D7F74B8-B7EE-3B0F-89E2-03DAF1727AEA}.Debug|x64.ActiveCfg = Debug|x64
		{7D7F74B8-B7EE-3B0F-89E2-03DAF1727AEA}.Debug|x64.Build.0 = Debug|x64
		{7D7F74B8-B7EE-3B0F-89E2-03DAF1727AEA}.Debug|x86.ActiveCfg = Debug|x64
		{7D7F74B8-B7EE-3B0F-89E2-03DAF1727AEA}.MinSizeRel|x64.ActiveCfg = MinSizeRel|x64
		{7D7F74B8-B7EE-3B0F-89E2-03DAF1727AEA}.MinSizeRel|x64.Build.0 = MinSizeRel|x64
		{7D7F74B8-B7EE-3B0F-89E2-03DAF1727AEA}.MinSizeRel|x86.ActiveCfg = MinSizeRel|x64
		{7D7F74B8-B7EE-3B0F-89E2-03DAF1727AEA}.Release|x64.ActiveCfg = Release|x64
		{7D7F74B8-B7EE-3B0F-89E2-03DAF1727AEA}.Release|x64.Build.0 = Release|x64
		{7D7F74B8-B7EE-3B0F-89E2-03DAF1727AEA}.Release|x86.ActiveCfg = Release|x64
		{7D7F74B8-B7EE-3B0F-89E2-03DAF1727AEA}.RelWithDebInfo|x64.ActiveCfg = RelWithDebInfo|x64
		{7D7F74B8-B7EE-3B0F-89E2-03DAF1727AEA}.RelWithDebInfo|x64.Build.0 = RelWithDebInfo|x64
		{7D7F74B8-B7EE-3B0F-89E2-03DAF1727AEA}.RelWithDebInfo|x86.ActiveCfg = RelWithDebInfo|x64
		{41314186-42EF-3D3B-9D57-C25A7182DC8F}.Debug|x64.ActiveCfg = Debug|x64
		{41314186-42EF-3D3B-9D57-C25A7182DC8F}.Debug|x64.Build.0 = Debug|x64
		{41314186-42EF-3D3B-9D57-C25A7182DC8F}.Debug|x86.ActiveCfg = Debug|x64
		{41314186-42EF-3D3B-9D57-C25A7182DC8F}.MinSizeRel|x64.ActiveCfg = MinSizeRel|x64
		{41314186-42EF-3D3B-9D57-C25A7182DC8F}.MinSizeRel|x64.Build.0 = MinSizeRel|x64
		{41314186-42EF-3D3B-9D57-C25A7182DC8F}.MinSizeRel|x86.ActiveCfg = MinSizeRel|x64
		{41314186-42EF-3D3B-9D57-C25A7182DC8F}.Release|x64.ActiveCfg = Release|x64
		{41314186-42EF-3D3B-9D57-C25A7182DC8F}.Release|x64.Build.0 = Release|x64
		{41314186-42EF-3D3B-9D57-C25A7182DC8F}.Release|x86.ActiveCfg = Release|x64
		{41314186-42EF-3D3B-9D57-C25A7182DC8F}.RelWithDebInfo|x64.ActiveCfg = RelWithDebInfo|x64
		{41314186-42EF-3D3B-9D57-C25A7182DC8F}.RelWithDebInfo|x64.Build.0 = RelWithDebInfo|x64
		{41314186-42EF-3D3B-9D57-C25A7182DC8F}.RelWithDebInfo|x86.ActiveCfg = RelWithDebInfo|x64
		{E359E54B-2819-3934-A946-34A45DBCF90E}.Debug|x64.ActiveCfg = Debug|x64
		{E359E54B-2819-3934-A946-34A45DBCF90E}.Debug|x64.Build.0 = Debug|x64
		{E359E54B-2819-3934-A946-34A45DBCF90E}.Debug|x86.ActiveCfg = Debug|x64
		{E359E54B-2819-3934-A946-34A45DBCF90E}.MinSizeRel|x64.ActiveCfg = MinSizeRel|x64
		{E359E54B-2819-3934-A946-34A45DBCF90E}.MinSizeRel|x64.Build.0 = MinSizeRel|x64
		{E359E54B-2819-3934-A946-34A45DBCF90E}.MinSizeRel|x86.ActiveCfg = MinSizeRel|x64
		{E359E54B-2819-3934-A946-34A45DBCF90E}.Release|x64.ActiveCfg = Release|x64
		{E359E54B-2819-3934-A946-34A45DBCF90E}.Release|x64.Build.0 = Release|x64
		{E359E54B-2819-3934-A946-34A45DBCF90E}.Release|x86.ActiveCfg = Release|x64
		{E359E54B-2819-3934-A946-34A45DBCF90E}.RelWithDebInfo|x64.ActiveCfg = RelWithDebInfo|x64
		{E359E54B-2819-3934-A946-34A45DBCF90E}.RelWithDebInfo|x64.Build.0 = RelWithDebInfo|x64
		{E359E54B-2819-3934-A946-34A45DBCF90E}.RelWithDebInfo|x86.ActiveCfg = RelWithDebInfo|x64
		{7B31C2E9-3234-3FDD-BADC-FCD47DB0D0A4}.Debug|x64.ActiveCfg = Debug|x64
		{7B31C2E9-3234-3FDD-BADC-FCD47DB0D0A4}.Debug|x64.Build.0 = Debug|x64
		{7B31C2E9-3234-3FDD-BADC-FCD47DB0D0A4}.Debug|x86.ActiveCfg = Debug|x64
		{7B31C2E9-3234-3FDD-BADC-FCD47DB0D0A4}.MinSizeRel|x64.ActiveCfg = MinSizeRel|x64
		{7B31C2E9-3234-3FDD-BADC-FCD47DB0D0A4}.MinSizeRel|x64.Build.0 = MinSizeRel|x64
		{7B31C2E9-3234-3FDD-BADC-FCD47DB0D0A4}.MinSizeRel|x86.ActiveCfg = MinSizeRel|x64
		{7B31C2E9-3234-3FDD-BADC-FCD47DB0D0A4}.Release|x64.ActiveCfg = Release|x64
		{7B31C2E9-3234-3FDD-BADC-FCD47DB0D0A4}.Release|x64.Build.0 = Release|x64
		{7B31C2E9-3234-3FDD-BADC-FCD47DB0D0A4}.Release|x86.ActiveCfg = Release|x64
		{7B31C2E9-3234-3FDD-BADC-FCD47DB0D0A4}.RelWithDebInfo|x64.ActiveCfg = RelWithDebInfo|x64
		{7B31C2E9-3234-3FDD-BADC-FCD47DB0D0A4}.RelWithDebInfo|x64.Build.0 = RelWithDebInfo|x64
		{7B31C2E9-3234-3FDD-BADC-FCD47DB0D0A4}.RelWithDebInfo|x86.ActiveCfg = RelWithDebInfo|x64
		{0A3449B2-2446-39F9-B9E9-6F7CCEFC9585}.Debug|x64.ActiveCfg = Debug|x64
		{0A3449B2-2446-39F9-B9E9-6F7CCEFC9585}.Debug|x64.Build.0 = Debug|x64
		{0A3449B2-2446-39F9-B9E9-6F7CCEFC9585}.Debug|x86.ActiveCfg = Debug|x64
		{0A3449B2-2446-39F9-B9E9-6F7CCEFC9585}.MinSizeRel|x64.ActiveCfg = MinSizeRel|x64
		{0A3449B2-2446-39F9-B9E9-6F7CCEFC9585}.MinSizeRel|x64.Build.0 = MinSizeRel|x64
		{0A3449B2-2446-39F9-B9E9-6F7CCEFC9585}.MinSizeRel|x86.ActiveCfg = MinSizeRel|x64
		{0A3449B2-2446-39F9-B9E9-6F7CCEFC9585}.Release|x64.ActiveCfg = Release|x64
		{0A3449B2-2446-39F9-B9E9-6F7CCEFC9585}.Release|x64.Build.0 = Release|x64
		{0A3449B2-2446-39F9-B9E9-6F7CCEFC9585}.Release|x86.ActiveCfg = Release|x64
		{0A3449B2-2446-39F9-B9E9-6F7CCEFC9585}.RelWithDebInfo|x64.ActiveCfg = RelWithDebInfo|x64
		{0A3449B2-2446-39F9-B9E9-6F7CCEFC9585}.RelWithDebInfo|x64.Build.0 = RelWithDebInfo|x64
		{0A3449B2-2446-39F9-B9E9-6F7CCEFC9585}.RelWithDebInfo|x86.ActiveCfg = RelWithDebInfo|x64
		{8FDF654B-0C0E-3114-AEC9-62057AD5A9D4}.Debug|x64.ActiveCfg = Debug|x64
		{8FDF654B-0C0E-3114-AEC9-62057AD5A9D4}.Debug|x64.Build.0 = Debug|x64
		{8FDF654B-0C0E-3114-AEC9-62057AD5A9D4}.Debug|x86.ActiveCfg = Debug|x64
		{8FDF654B-0C0E-3114-AEC9-62057AD5A9D4}.MinSizeRel|x64.ActiveCfg = MinSizeRel|x64
		{8FDF654B-0C0E-3114-AEC9-62057AD5A9D4}.MinSizeRel|x64.Build.0 = MinSizeRel|x64
		{8FDF654B-0C0E-3114-AEC9-62057AD5A9D4}.MinSizeRel|x86.ActiveCfg = MinSizeRel|x64
		{8FDF654B-0C0E-3114-AEC9-62057AD5A9D4}.Release|x64.ActiveCfg = Release|x64
		{8FDF654B-0C0E-3114-AEC9-62057AD5A9D4}.Release|x64.Build.0 = Release|x64
		{8FDF654B-0C0E-3114-AEC9-62057AD5A9D4}.Release|x86.ActiveCfg = Release|x64
		{8FDF654B-0C0E-3114-AEC9-62057AD5A9D4}.RelWithDebInfo|x64.ActiveCfg = RelWithDebInfo|x64
		{8FDF654B-0C0E-3114-AEC9-62057AD5A9D4}.RelWithDebInfo|x64.Build.0 = RelWithDebInfo|x64
		{8FDF654B-0C0E-3114-AEC9-62057AD5A9D4}.RelWithDebInfo|x86.ActiveCfg = RelWithDebInfo|x64
		{65C10681-258F-310A-95FD-43C674FD1C02}.Debug|x64.ActiveCfg = Debug|x64
		{65C10681-258F-310A-95FD-43C674FD1C02}.Debug|x64.Build.0 = Debug|x64
		{65C10681-258F-310A-95FD-43C674FD1C02}.Debug|x86.ActiveCfg = Debug|x64
		{65C10681-258F-310A-95FD-43C674FD1C02}.MinSizeRel|x64.ActiveCfg = MinSizeRel|x64
		{65C10681-258F-310A-95FD-43C674FD1C02}.MinSizeRel|x64.Build.0 = MinSizeRel|x64
		{65C10681-258F-310A-95FD-43C674FD1C02}.MinSizeRel|x86.ActiveCfg = MinSizeRel|x64
		{65C10681-258F-310A-95FD-43C674FD1C02}.Release|x64.ActiveCfg = Release|x64
		{65C10681-258F-310A-95FD-43C674FD1C02}.Release|x64.Build.0 = Release|x64
		{65C10681-258F-310A-95FD-43C674FD1C02}.Release|x86.ActiveCfg = Release|x64
		{65C10681-258F-310A-95FD-43C674FD1C02}.RelWithDebInfo|x64.ActiveCfg = RelWithDebInfo|x64
		{65C10681-258F-310A-95FD-43C674FD1C02}.RelWithDebInfo|x64.Build.0 = RelWithDebInfo|x64
		{65C10681-258F-310A-95FD-43C674FD1C02}.RelWithDebInfo|x86.ActiveCfg = RelWithDebInfo|x64
		{4286E613-5F69-3662-A741-491F7A07D448}.Debug|x64.ActiveCfg = Debug|x64
		{4286E613-5F69-3662-A741-491F7A07D448}.Debug|x64.Build.0 = Debug|x64
		{4286E613-5F69-3662-A741-491F7A07D448}.Debug|x86.ActiveCfg = Debug|x64
		{4286E613-5F69-3662-A741-491F7A07D448}.MinSizeRel|x64.ActiveCfg = MinSizeRel|x64
		{4286E613-5F69-3662-A741-491F7A07D448}.MinSizeRel|x64.Build.0 = MinSizeRel|x64
		{4286E613-5F69-3662-A741-491F7A07D448}.MinSizeRel|x86.ActiveCfg = MinSizeRel|x64
		{4286E613-5F69-3662-A741-491F7A07D448}.Release|x64.ActiveCfg = Release|x64
		{4286E613-5F69-3662-A741-491F7A07D448}.Release|x64.Build.0 = Release|x64
		{4286E613-5F69-3662-A741-491F7A07D448}.Release|x86.ActiveCfg = Release|x64
		{4286E613-5F69-3662-A741-491F7A07D448}.RelWithDebInfo|x64.ActiveCfg = RelWithDebInfo|x64
		{4286E613-5F69-3662-A741-491F7A07D448}.RelWithDebInfo|x64.Build.0 = RelWithDebInfo|x64
		{4286E613-5F69-3662-A741-491F7A07D448}.RelWithDebInfo|x86.ActiveCfg = RelWithDebInfo|x64
		{9434DBDC-D2FE-3062-8D48-D257A7B2862E}.Debug|x64.ActiveCfg = Debug|x64
		{9434DBDC-D2FE-3062-8D48-D257A7B2862E}.Debug|x86.ActiveCfg = Debug|x64
		{9434DBDC-D2FE-3062-8D48-D257A7B2862E}.MinSizeRel|x64.ActiveCfg = MinSizeRel|x64
		{9434DBDC-D2FE-3062-8D48-D257A7B2862E}.MinSizeRel|x86.ActiveCfg = MinSizeRel|x64
		{9434DBDC-D2FE-3062-8D48-D257A7B2862E}.Release|x64.ActiveCfg = Release|x64
		{9434DBDC-D2FE-3062-8D48-D257A7B2862E}.Release|x86.ActiveCfg = Release|x64
		{9434DBDC-D2FE-3062-8D48-D257A7B2862E}.RelWithDebInfo|x64.ActiveCfg = RelWithDebInfo|x64
		{9434DBDC-D2FE-3062-8D48-D257A7B2862E}.RelWithDebInfo|x86.ActiveCfg = RelWithDebInfo|x64
		{2BD99A80-BD45-3377-8A20-6DB08F17FA49}.Debug|x64.ActiveCfg = Debug|x64
		{2BD99A80-BD45-3377-8A20-6DB08F17FA49}.Debug|x64.Build.0 = Debug|x64
		{2BD99A80-BD45-3377-8A20-6DB08F17FA49}.Debug|x86.ActiveCfg = Debug|x64
		{2BD99A80-BD45-3377-8A20-6DB08F17FA49}.MinSizeRel|x64.ActiveCfg = MinSizeRel|x64
		{2BD99A80-BD45-3377-8A20-6DB08F17FA49}.MinSizeRel|x64.Build.0 = MinSizeRel|x64
		{2BD99A80-BD45-3377-8A20-6DB08F17FA49}.MinSizeRel|x86.ActiveCfg = MinSizeRel|x64
		{2BD99A80-BD45-3377-8A20-6DB08F17FA49}.Release|x64.ActiveCfg = Release|x64
		{2BD99A80-BD45-3377-8A20-6DB08F17FA49}.Release|x64.Build.0 = Release|x64
		{2BD99A80-BD45-3377-8A20-6DB08F17FA49}.Release|x86.ActiveCfg = Release|x64
		{2BD99A80-BD45-3377-8A20-6DB08F17FA49}.RelWithDebInfo|x64.ActiveCfg = RelWithDebInfo|x64
		{2BD99A80-BD45-3377-8A20-6DB08F17FA49}.RelWithDebInfo|x64.Build.0 = RelWithDebInfo|x64
		{2BD99A80-BD45-3377-8A20-6DB08F17FA49}.RelWithDebInfo|x86.ActiveCfg = RelWithDebInfo|x64
		{E74EA560-E2DF-39FD-9504-358F7961E665}.Debug|x64.ActiveCfg = Debug|x64
		{E74EA560-E2DF-39FD-9504-358F7961E665}.Debug|x64.Build.0 = Debug|x64
		{E74EA560-E2DF-39FD-9504-358F7961E665}.Debug|x86.ActiveCfg = Debug|x64
		{E74EA560-E2DF-39FD-9504-358F7961E665}.MinSizeRel|x64.ActiveCfg = MinSizeRel|x64
		{E74EA560-E2DF-39FD-9504-358F7961E665}.MinSizeRel|x64.Build.0 = MinSizeRel|x64
		{E74EA560-E2DF-39FD-9504-358F7961E665}.MinSizeRel|x86.ActiveCfg = MinSizeRel|x64
		{E74EA560-E2DF-39FD-9504-358F7961E665}.Release|x64.ActiveCfg = Release|x64
		{E74EA560-E2DF-39FD-9504-358F7961E665}.Release|x64.Build.0 = Release|x64
		{E74EA560-E2DF-39FD-9504-358F7961E665}.Release|x86.ActiveCfg = Release|x64
		{E74EA560-E2DF-39FD-9504-358F7961E665}.RelWithDebInfo|x64.ActiveCfg = RelWithDebInfo|x64
		{E74EA560-E2DF-39FD-9504-358F7961E665}.RelWithDebInfo|x64.Build.0 = RelWithDebInfo|x64
		{E74EA560-E2DF-39FD-9504-358F7961E665}.RelWithDebInfo|x86.ActiveCfg = RelWithDebInfo|x64
		{13B61730-0EA6-37E0-9A22-A7A1511721CC}.Debug|x64.ActiveCfg = Debug|x64
		{13B61730-0EA6-37E0-9A22-A7A1511721CC}.Debug|x64.Build.0 = Debug|x64
		{13B61730-0EA6-37E0-9A22-A7A1511721CC}.Debug|x86.ActiveCfg = Debug|x64
		{13B61730-0EA6-37E0-9A22-A7A1511721CC}.MinSizeRel|x64.ActiveCfg = MinSizeRel|x64
		{13B61730-0EA6-37E0-9A22-A7A1511721CC}.MinSizeRel|x64.Build.0 = MinSizeRel|x64
		{13B61730-0EA6-37E0-9A22-A7A1511721CC}.MinSizeRel|x86.ActiveCfg = MinSizeRel|x64
		{13B61730-0EA6-37E0-9A22-A7A1511721CC}.Release|x64.ActiveCfg = Release|x64
		{13B61730-0EA6-37E0-9A22-A7A1511721CC}.Release|x64.Build.0 = Release|x64
		{13B61730-0EA6-37E0-9A22-A7A1511721CC}.Release|x86.ActiveCfg = Release|x64
		{13B61730-0EA6-37E0-9A22-A7A1511721CC}.RelWithDebInfo|x64.ActiveCfg = RelWithDebInfo|x64
		{13B61730-0EA6-37E0-9A22-A7A1511721CC}.RelWithDebInfo|x64.Build.0 = RelWithDebInfo|x64
		{13B61730-0EA6-37E0-9A22-A7A1511721CC}.RelWithDebInfo|x86.ActiveCfg = RelWithDebInfo|x64
		{D0898C3F-97AC-3AA9-82CA-4CDA3932BC55}.Debug|x64.ActiveCfg = Debug|x64
		{D0898C3F-97AC-3AA9-82CA-4CDA3932BC55}.Debug|x64.Build.0 = Debug|x64
		{D0898C3F-97AC-3AA9-82CA-4CDA3932BC55}.Debug|x86.ActiveCfg = Debug|x64
		{D0898C3F-97AC-3AA9-82CA-4CDA3932BC55}.MinSizeRel|x64.ActiveCfg = MinSizeRel|x64
		{D0898C3F-97AC-3AA9-82CA-4CDA3932BC55}.MinSizeRel|x64.Build.0 = MinSizeRel|x64
		{D0898C3F-97AC-3AA9-82CA-4CDA3932BC55}.MinSizeRel|x86.ActiveCfg = MinSizeRel|x64
		{D0898C3F-97AC-3AA9-82CA-4CDA3932BC55}.Release|x64.ActiveCfg = Release|x64
		{D0898C3F-97AC-3AA9-82CA-4CDA3932BC55}.Release|x64.Build.0 = Release|x64
		{D0898C3F-97AC-3AA9-82CA-4CDA3932BC55}.Release|x86.ActiveCfg = Release|x64
		{D0898C3F-97AC-3AA9-82CA-4CDA3932BC55}.RelWithDebInfo|x64.ActiveCfg = RelWithDebInfo|x64
		{D0898C3F-97AC-3AA9-82CA-4CDA3932BC55}.RelWithDebInfo|x64.Build.0 = RelWithDebInfo|x64
		{D0898C3F-97AC-3AA9-82CA-4CDA3932BC55}.RelWithDebInfo|x86.ActiveCfg = RelWithDebInfo|x64
		{BD3F4351-3F20-3156-907D-09F5DE91240D}.Debug|x64.ActiveCfg = Debug|x64
		{BD3F4351-3F20-3156-907D-09F5DE91240D}.Debug|x64.Build.0 = Debug|x64
		{BD3F4351-3F20-3156-907D-09F5DE91240D}.Debug|x86.ActiveCfg = Debug|x64
		{BD3F4351-3F20-3156-907D-09F5DE91240D}.MinSizeRel|x64.ActiveCfg = MinSizeRel|x64
		{BD3F4351-3F20-3156-907D-09F5DE91240D}.MinSizeRel|x64.Build.0 = MinSizeRel|x64
		{BD3F4351-3F20-3156-907D-09F5DE91240D}.MinSizeRel|x86.ActiveCfg = MinSizeRel|x64
		{BD3F4351-3F20-3156-907D-09F5DE91240D}.Release|x64.ActiveCfg = Release|x64
		{BD3F4351-3F20-3156-907D-09F5DE91240D}.Release|x64.Build.0 = Release|x64
		{BD3F4351-3F20-3156-907D-09F5DE91240D}.Release|x86.ActiveCfg = Release|x64
		{BD3F4351-3F20-3156-907D-09F5DE91240D}.RelWithDebInfo|x64.ActiveCfg = RelWithDebInfo|x64
		{BD3F4351-3F20-3156-907D-09F5DE91240D}.RelWithDebInfo|x64.Build.0 = RelWithDebInfo|x64
		{BD3F4351-3F20-3156-907D-09F5DE91240D}.RelWithDebInfo|x86.ActiveCfg = RelWithDebInfo|x64
		{FCFFF156-F7E2-3CCF-B8A6-557B432253BD}.Debug|x64.ActiveCfg = Debug|x64
		{FCFFF156-F7E2-3CCF-B8A6-557B432253BD}.Debug|x64.Build.0 = Debug|x64
		{FCFFF156-F7E2-3CCF-B8A6-557B432253BD}.Debug|x86.ActiveCfg = Debug|x64
		{FCFFF156-F7E2-3CCF-B8A6-557B432253BD}.MinSizeRel|x64.ActiveCfg = MinSizeRel|x64
		{FCFFF156-F7E2-3CCF-B8A6-557B432253BD}.MinSizeRel|x64.Build.0 = MinSizeRel|x64
		{FCFFF156-F7E2-3CCF-B8A6-557B432253BD}.MinSizeRel|x86.ActiveCfg = MinSizeRel|x64
		{FCFFF156-F7E2-3CCF-B8A6-557B432253BD}.Release|x64.ActiveCfg = Release|x64
		{FCFFF156-F7E2-3CCF-B8A6-557B432253BD}.Release|x64.Build.0 = Release|x64
		{FCFFF156-F7E2-3CCF-B8A6-557B432253BD}.Release|x86.ActiveCfg = Release|x64
		{FCFFF156-F7E2-3CCF-B8A6-557B432253BD}.RelWithDebInfo|x64.ActiveCfg = RelWithDebInfo|x64
		{FCFFF156-F7E2-3CCF-B8A6-557B432253BD}.RelWithDebInfo|x64.Build.0 = RelWithDebInfo|x64
		{FCFFF156-F7E2-3CCF-B8A6-557B432253BD}.RelWithDebInfo|x86.ActiveCfg = RelWithDebInfo|x64
		{A3E6E9EE-43D8-3401-BB1E-33E2218D5118}.Debug|x64.ActiveCfg = Debug|x64
		{A3E6E9EE-43D8-3401-BB1E-33E2218D5118}.Debug|x64.Build.0 = Debug|x64
		{A3E6E9EE-43D8-3401-BB1E-33E2218D5118}.Debug|x86.ActiveCfg = Debug|x64
		{A3E6E9EE-43D8-3401-BB1E-33E2218D5118}.MinSizeRel|x64.ActiveCfg = MinSizeRel|x64
		{A3E6E9EE-43D8-3401-BB1E-33E2218D5118}.MinSizeRel|x64.Build.0 = MinSizeRel|x64
		{A3E6E9EE-43D8-3401-BB1E-33E2218D5118}.MinSizeRel|x86.ActiveCfg = MinSizeRel|x64
		{A3E6E9EE-43D8-3401-BB1E-33E2218D5118}.Release|x64.ActiveCfg = Release|x64
		{A3E6E9EE-43D8-3401-BB1E-33E2218D5118}.Release|x64.Build.0 = Release|x64
		{A3E6E9EE-43D8-3401-BB1E-33E2218D5118}.Release|x86.ActiveCfg = Release|x64
		{A3E6E9EE-43D8-3401-BB1E-33E2218D5118}.RelWithDebInfo|x64.ActiveCfg = RelWithDebInfo|x64
		{A3E6E9EE-43D8-3401-BB1E-33E2218D5118}.RelWithDebInfo|x64.Build.0 = RelWithDebInfo|x64
		{A3E6E9EE-43D8-3401-BB1E-33E2218D5118}.RelWithDebInfo|x86.ActiveCfg = RelWithDebInfo|x64
		{3E8F5AB7-1633-4509-B2F4-292EFBB35D86}.Debug|x64.ActiveCfg = Debug|x64
		{3E8F5AB7-1633-4509-B2F4-292EFBB35D86}.Debug|x64.Build.0 = Debug|x64
		{3E8F5AB7-1633-4509-B2F4-292EFBB35D86}.Debug|x86.ActiveCfg = Debug|Win32
		{3E8F5AB7-1633-4509-B2F4-292EFBB35D86}.Debug|x86.Build.0 = Debug|Win32
		{3E8F5AB7-1633-4509-B2F4-292EFBB35D86}.MinSizeRel|x64.ActiveCfg = Release|x64
		{3E8F5AB7-1633-4509-B2F4-292EFBB35D86}.MinSizeRel|x64.Build.0 = Release|x64
		{3E8F5AB7-1633-4509-B2F4-292EFBB35D86}.MinSizeRel|x86.ActiveCfg = Release|Win32
		{3E8F5AB7-1633-4509-B2F4-292EFBB35D86}.MinSizeRel|x86.Build.0 = Release|Win32
		{3E8F5AB7-1633-4509-B2F4-292EFBB35D86}.Release|x64.ActiveCfg = Release|x64
		{3E8F5AB7-1633-4509-B2F4-292EFBB35D86}.Release|x64.Build.0 = Release|x64
		{3E8F5AB7-1633-4509-B2F4-292EFBB35D86}.Release|x86.ActiveCfg = Release|Win32
		{3E8F5AB7-1633-4509-B2F4-292EFBB35D86}.Release|x86.Build.0 = Release|Win32
		{3E8F5AB7-1633-4509-B2F4-292EFBB35D86}.RelWithDebInfo|x64.ActiveCfg = Release|x64
		{3E8F5AB7-1633-4509-B2F4-292EFBB35D86}.RelWithDebInfo|x64.Build.0 = Release|x64
		{3E8F5AB7-1633-4509-B2F4-292EFBB35D86}.RelWithDebInfo|x86.ActiveCfg = Release|Win32
		{3E8F5AB7-1633-4509-B2F4-292EFBB35D86}.RelWithDebInfo|x86.Build.0 = Release|Win32
	EndGlobalSection
	GlobalSection(SolutionProperties) = preSolution
		HideSolutionNode = FALSE
	EndGlobalSection
EndGlobal
